<?xml version="1.0" encoding="utf-8"?>
<Project ToolsVersion="4.0" xmlns="http://schemas.microsoft.com/developer/msbuild/2003">
  <ItemGroup>
    <Filter Include="01 工具">
      <UniqueIdentifier>{43f7a872-35aa-4517-b49f-994aa00f3b79}</UniqueIdentifier>
    </Filter>
    <Filter Include="03 协议管理">
      <UniqueIdentifier>{311cddd5-6596-48f2-9b74-2a1e97957bae}</UniqueIdentifier>
    </Filter>
    <Filter Include="04 DemoProtocol管理">
      <UniqueIdentifier>{4f6957ea-8ed9-43ff-8f1e-7bd0cea9bfa8}</UniqueIdentifier>
    </Filter>
    <Filter Include="05 其它">
      <UniqueIdentifier>{386534d3-12d0-48f5-b9f7-5d159a020830}</UniqueIdentifier>
    </Filter>
    <Filter Include="02 Tcp管理">
      <UniqueIdentifier>{b6d57f77-0fef-486a-b392-39a58c22a023}</UniqueIdentifier>
    </Filter>
  </ItemGroup>
  <ItemGroup>
    <Text Include="ReadMe.txt" />
  </ItemGroup>
  <ItemGroup>
    <ClInclude Include="stdafx.h">
      <Filter>05 其它</Filter>
    </ClInclude>
    <ClInclude Include="targetver.h">
      <Filter>05 其它</Filter>
    </ClInclude>
    <ClInclude Include="MemoryTool.h">
      <Filter>01 工具</Filter>
    </ClInclude>
    <ClInclude Include="DemoProtocolMgr.h">
      <Filter>04 DemoProtocol管理</Filter>
    </ClInclude>
    <ClInclude Include="TcpClient.h">
      <Filter>02 Tcp管理</Filter>
    </ClInclude>
    <ClInclude Include="TcpClientT.h">
      <Filter>02 Tcp管理</Filter>
    </ClInclude>
    <ClInclude Include="ProtocolMgr.h">
      <Filter>03 协议管理</Filter>
    </ClInclude>
    <ClInclude Include="Def.h">
      <Filter>03 协议管理</Filter>
    </ClInclude>
    <ClInclude Include="DemoProtocol.h">
      <Filter>04 DemoProtocol管理</Filter>
    </ClInclude>
    <ClInclude Include="EncryptBuffer.h">
      <Filter>01 工具</Filter>
    </ClInclude>
    <ClInclude Include="Timer.h">
      <Filter>01 工具</Filter>
    </ClInclude>
    <ClInclude Include="TcpServer.h">
      <Filter>02 Tcp管理</Filter>
    </ClInclude>
    <ClInclude Include="resource.h" />
    <ClInclude Include="SocketMgr.h">
      <Filter>02 Tcp管理</Filter>
    </ClInclude>
    <ClInclude Include="ByteStream.h">
      <Filter>01 工具</Filter>
    </ClInclude>
    <ClInclude Include="OtherTool.h">
      <Filter>01 工具</Filter>
    </ClInclude>
  </ItemGroup>
  <ItemGroup>
    <ClCompile Include="stdafx.cpp">
      <Filter>05 其它</Filter>
    </ClCompile>
    <ClCompile Include="MemoryTool.cpp">
      <Filter>01 工具</Filter>
    </ClCompile>
    <ClCompile Include="DemoProtocolMgr.cpp">
      <Filter>04 DemoProtocol管理</Filter>
    </ClCompile>
    <ClCompile Include="TcpClient.cpp">
      <Filter>02 Tcp管理</Filter>
    </ClCompile>
    <ClCompile Include="ProtocolMgr.cpp">
      <Filter>03 协议管理</Filter>
    </ClCompile>
    <ClCompile Include="EncryptBuffer.cpp">
      <Filter>01 工具</Filter>
    </ClCompile>
    <ClCompile Include="DemoProtocolPackMgr.cpp">
      <Filter>04 DemoProtocol管理</Filter>
    </ClCompile>
    <ClCompile Include="Timer.cpp">
      <Filter>01 工具</Filter>
    </ClCompile>
    <ClCompile Include="TcpServer.cpp">
      <Filter>02 Tcp管理</Filter>
    </ClCompile>
    <ClCompile Include="SocketMgr.cpp">
      <Filter>02 Tcp管理</Filter>
    </ClCompile>
    <ClCompile Include="ByteStream.cpp">
      <Filter>01 工具</Filter>
    </ClCompile>
    <ClCompile Include="OtherTool.cpp">
      <Filter>01 工具</Filter>
    </ClCompile>
  </ItemGroup>
</Project>