
Microsoft Visual Studio Solution File, Format Version 12.00
# Visual Studio 2013
VisualStudioVersion = 12.0.31101.0
MinimumVisualStudioVersion = 10.0.40219.1
Project("{8BC9CEB8-8B4A-11D0-8D11-00A0C91BC942}") = "Server1", "Server1\Server1.vcxproj", "{AF423D2D-3D50-4654-8053-0038AA14CD31}"
EndProject
Project("{8BC9CEB8-8B4A-11D0-8D11-00A0C91BC942}") = "Client1", "Client1\Client1.vcxproj", "{04BBCFB7-197A-4593-A2F7-8A2E14925BD0}"
EndProject
Project("{2150E333-8FDC-42A3-9474-1A3956D46DE8}") = "02 客户端", "02 客户端", "{BA9E35E0-A82E-4EA4-8823-52D6F2A9DA79}"
EndProject
Project("{2150E333-8FDC-42A3-9474-1A3956D46DE8}") = "03 服务端", "03 服务端", "{22F89A00-0340-40A4-A313-E0CB390D7E9D}"
EndProject
Project("{2150E333-8FDC-42A3-9474-1A3956D46DE8}") = "01 Lib", "01 Lib", "{87B059F3-CA46-4B04-B402-DA65B57C2B62}"
EndProject
Project("{8BC9CEB8-8B4A-11D0-8D11-00A0C91BC942}") = "Client2", "Client2\Client2.vcxproj", "{4D7C5679-02B2-4D7F-A715-A43BF92002FB}"
EndProject
Project("{8BC9CEB8-8B4A-11D0-8D11-00A0C91BC942}") = "Client3", "Client3\Client3.vcxproj", "{45E2AB25-14CD-44EC-AB6E-DEC206B6B7AB}"
EndProject
Project("{8BC9CEB8-8B4A-11D0-8D11-00A0C91BC942}") = "Client4", "Client4\Client4.vcxproj", "{9CB6FA8A-F26A-4838-9EF1-48BEE00BBE85}"
EndProject
Project("{8BC9CEB8-8B4A-11D0-8D11-00A0C91BC942}") = "Client5", "Client5\Client5.vcxproj", "{94CEBFF7-02E8-4FBF-AF21-6EBA7B5E6E18}"
EndProject
Project("{8BC9CEB8-8B4A-11D0-8D11-00A0C91BC942}") = "Server2", "Server2\Server2.vcxproj", "{117AFA3A-9276-4705-AED0-71960EF9A45E}"
EndProject
Project("{8BC9CEB8-8B4A-11D0-8D11-00A0C91BC942}") = "Server3", "Server3\Server3.vcxproj", "{2D8017D0-7909-4D51-A0C4-022CD806BA84}"
EndProject
Project("{8BC9CEB8-8B4A-11D0-8D11-00A0C91BC942}") = "Server4", "Server4\Server4.vcxproj", "{CF275BC2-DD26-4E0B-86BA-7867A3B3D876}"
EndProject
Project("{8BC9CEB8-8B4A-11D0-8D11-00A0C91BC942}") = "Server6", "Server6\Server6.vcxproj", "{B9A5CADD-55EC-496B-9F97-7376AE43DE23}"
EndProject
Project("{8BC9CEB8-8B4A-11D0-8D11-00A0C91BC942}") = "Server7", "Server7\Server7.vcxproj", "{C4BC5A71-7094-40C1-899F-DAA3436325B9}"
EndProject
Project("{8BC9CEB8-8B4A-11D0-8D11-00A0C91BC942}") = "NetworkCommunication", "NetworkCommunication\NetworkCommunication.vcxproj", "{725DC803-D97E-4DC7-B3D4-8B144285C777}"
EndProject
Project("{8BC9CEB8-8B4A-11D0-8D11-00A0C91BC942}") = "Client6", "Client6\Client6.vcxproj", "{8E2E91DC-ED17-413D-BA9C-4FA0BEDF29F8}"
EndProject
Project("{8BC9CEB8-8B4A-11D0-8D11-00A0C91BC942}") = "Client7", "Client7\Client7.vcxproj", "{DC68A274-E177-4707-9C39-E61860DAD046}"
EndProject
Project("{8BC9CEB8-8B4A-11D0-8D11-00A0C91BC942}") = "Client8", "Client8\Client8.vcxproj", "{2D71904E-B9FF-4919-B441-2E8273D2060E}"
EndProject
Project("{2150E333-8FDC-42A3-9474-1A3956D46DE8}") = "04 测试工具", "04 测试工具", "{17C5A8A7-F202-4FB5-B4D6-B6C430ED228D}"
EndProject
Project("{8BC9CEB8-8B4A-11D0-8D11-00A0C91BC942}") = "Tool1", "Tool1\Tool1.vcxproj", "{0FB18438-25D2-43D1-8EA3-F18F45C95726}"
EndProject
Global
	GlobalSection(SolutionConfigurationPlatforms) = preSolution
		Debug|Win32 = Debug|Win32
		Release|Win32 = Release|Win32
	EndGlobalSection
	GlobalSection(ProjectConfigurationPlatforms) = postSolution
		{AF423D2D-3D50-4654-8053-0038AA14CD31}.Debug|Win32.ActiveCfg = Debug|Win32
		{AF423D2D-3D50-4654-8053-0038AA14CD31}.Debug|Win32.Build.0 = Debug|Win32
		{AF423D2D-3D50-4654-8053-0038AA14CD31}.Release|Win32.ActiveCfg = Release|Win32
		{AF423D2D-3D50-4654-8053-0038AA14CD31}.Release|Win32.Build.0 = Release|Win32
		{04BBCFB7-197A-4593-A2F7-8A2E14925BD0}.Debug|Win32.ActiveCfg = Debug|Win32
		{04BBCFB7-197A-4593-A2F7-8A2E14925BD0}.Debug|Win32.Build.0 = Debug|Win32
		{04BBCFB7-197A-4593-A2F7-8A2E14925BD0}.Release|Win32.ActiveCfg = Release|Win32
		{04BBCFB7-197A-4593-A2F7-8A2E14925BD0}.Release|Win32.Build.0 = Release|Win32
		{4D7C5679-02B2-4D7F-A715-A43BF92002FB}.Debug|Win32.ActiveCfg = Debug|Win32
		{4D7C5679-02B2-4D7F-A715-A43BF92002FB}.Debug|Win32.Build.0 = Debug|Win32
		{4D7C5679-02B2-4D7F-A715-A43BF92002FB}.Release|Win32.ActiveCfg = Release|Win32
		{4D7C5679-02B2-4D7F-A715-A43BF92002FB}.Release|Win32.Build.0 = Release|Win32
		{45E2AB25-14CD-44EC-AB6E-DEC206B6B7AB}.Debug|Win32.ActiveCfg = Debug|Win32
		{45E2AB25-14CD-44EC-AB6E-DEC206B6B7AB}.Debug|Win32.Build.0 = Debug|Win32
		{45E2AB25-14CD-44EC-AB6E-DEC206B6B7AB}.Release|Win32.ActiveCfg = Release|Win32
		{45E2AB25-14CD-44EC-AB6E-DEC206B6B7AB}.Release|Win32.Build.0 = Release|Win32
		{9CB6FA8A-F26A-4838-9EF1-48BEE00BBE85}.Debug|Win32.ActiveCfg = Debug|Win32
		{9CB6FA8A-F26A-4838-9EF1-48BEE00BBE85}.Debug|Win32.Build.0 = Debug|Win32
		{9CB6FA8A-F26A-4838-9EF1-48BEE00BBE85}.Release|Win32.ActiveCfg = Release|Win32
		{9CB6FA8A-F26A-4838-9EF1-48BEE00BBE85}.Release|Win32.Build.0 = Release|Win32
		{94CEBFF7-02E8-4FBF-AF21-6EBA7B5E6E18}.Debug|Win32.ActiveCfg = Debug|Win32
		{94CEBFF7-02E8-4FBF-AF21-6EBA7B5E6E18}.Debug|Win32.Build.0 = Debug|Win32
		{94CEBFF7-02E8-4FBF-AF21-6EBA7B5E6E18}.Release|Win32.ActiveCfg = Release|Win32
		{94CEBFF7-02E8-4FBF-AF21-6EBA7B5E6E18}.Release|Win32.Build.0 = Release|Win32
		{117AFA3A-9276-4705-AED0-71960EF9A45E}.Debug|Win32.ActiveCfg = Debug|Win32
		{117AFA3A-9276-4705-AED0-71960EF9A45E}.Debug|Win32.Build.0 = Debug|Win32
		{117AFA3A-9276-4705-AED0-71960EF9A45E}.Release|Win32.ActiveCfg = Release|Win32
		{117AFA3A-9276-4705-AED0-71960EF9A45E}.Release|Win32.Build.0 = Release|Win32
		{2D8017D0-7909-4D51-A0C4-022CD806BA84}.Debug|Win32.ActiveCfg = Debug|Win32
		{2D8017D0-7909-4D51-A0C4-022CD806BA84}.Debug|Win32.Build.0 = Debug|Win32
		{2D8017D0-7909-4D51-A0C4-022CD806BA84}.Release|Win32.ActiveCfg = Release|Win32
		{2D8017D0-7909-4D51-A0C4-022CD806BA84}.Release|Win32.Build.0 = Release|Win32
		{CF275BC2-DD26-4E0B-86BA-7867A3B3D876}.Debug|Win32.ActiveCfg = Debug|Win32
		{CF275BC2-DD26-4E0B-86BA-7867A3B3D876}.Debug|Win32.Build.0 = Debug|Win32
		{CF275BC2-DD26-4E0B-86BA-7867A3B3D876}.Release|Win32.ActiveCfg = Release|Win32
		{CF275BC2-DD26-4E0B-86BA-7867A3B3D876}.Release|Win32.Build.0 = Release|Win32
		{B9A5CADD-55EC-496B-9F97-7376AE43DE23}.Debug|Win32.ActiveCfg = Debug|Win32
		{B9A5CADD-55EC-496B-9F97-7376AE43DE23}.Debug|Win32.Build.0 = Debug|Win32
		{B9A5CADD-55EC-496B-9F97-7376AE43DE23}.Release|Win32.ActiveCfg = Release|Win32
		{B9A5CADD-55EC-496B-9F97-7376AE43DE23}.Release|Win32.Build.0 = Release|Win32
		{C4BC5A71-7094-40C1-899F-DAA3436325B9}.Debug|Win32.ActiveCfg = Debug|Win32
		{C4BC5A71-7094-40C1-899F-DAA3436325B9}.Debug|Win32.Build.0 = Debug|Win32
		{C4BC5A71-7094-40C1-899F-DAA3436325B9}.Release|Win32.ActiveCfg = Release|Win32
		{C4BC5A71-7094-40C1-899F-DAA3436325B9}.Release|Win32.Build.0 = Release|Win32
		{725DC803-D97E-4DC7-B3D4-8B144285C777}.Debug|Win32.ActiveCfg = Debug|Win32
		{725DC803-D97E-4DC7-B3D4-8B144285C777}.Debug|Win32.Build.0 = Debug|Win32
		{725DC803-D97E-4DC7-B3D4-8B144285C777}.Release|Win32.ActiveCfg = Release|Win32
		{725DC803-D97E-4DC7-B3D4-8B144285C777}.Release|Win32.Build.0 = Release|Win32
		{8E2E91DC-ED17-413D-BA9C-4FA0BEDF29F8}.Debug|Win32.ActiveCfg = Debug|Win32
		{8E2E91DC-ED17-413D-BA9C-4FA0BEDF29F8}.Debug|Win32.Build.0 = Debug|Win32
		{8E2E91DC-ED17-413D-BA9C-4FA0BEDF29F8}.Release|Win32.ActiveCfg = Release|Win32
		{8E2E91DC-ED17-413D-BA9C-4FA0BEDF29F8}.Release|Win32.Build.0 = Release|Win32
		{DC68A274-E177-4707-9C39-E61860DAD046}.Debug|Win32.ActiveCfg = Debug|Win32
		{DC68A274-E177-4707-9C39-E61860DAD046}.Debug|Win32.Build.0 = Debug|Win32
		{DC68A274-E177-4707-9C39-E61860DAD046}.Release|Win32.ActiveCfg = Release|Win32
		{DC68A274-E177-4707-9C39-E61860DAD046}.Release|Win32.Build.0 = Release|Win32
		{2D71904E-B9FF-4919-B441-2E8273D2060E}.Debug|Win32.ActiveCfg = Debug|Win32
		{2D71904E-B9FF-4919-B441-2E8273D2060E}.Debug|Win32.Build.0 = Debug|Win32
		{2D71904E-B9FF-4919-B441-2E8273D2060E}.Release|Win32.ActiveCfg = Release|Win32
		{2D71904E-B9FF-4919-B441-2E8273D2060E}.Release|Win32.Build.0 = Release|Win32
		{0FB18438-25D2-43D1-8EA3-F18F45C95726}.Debug|Win32.ActiveCfg = Debug|Win32
		{0FB18438-25D2-43D1-8EA3-F18F45C95726}.Debug|Win32.Build.0 = Debug|Win32
		{0FB18438-25D2-43D1-8EA3-F18F45C95726}.Release|Win32.ActiveCfg = Release|Win32
		{0FB18438-25D2-43D1-8EA3-F18F45C95726}.Release|Win32.Build.0 = Release|Win32
	EndGlobalSection
	GlobalSection(SolutionProperties) = preSolution
		HideSolutionNode = FALSE
	EndGlobalSection
	GlobalSection(NestedProjects) = preSolution
		{AF423D2D-3D50-4654-8053-0038AA14CD31} = {22F89A00-0340-40A4-A313-E0CB390D7E9D}
		{04BBCFB7-197A-4593-A2F7-8A2E14925BD0} = {BA9E35E0-A82E-4EA4-8823-52D6F2A9DA79}
		{4D7C5679-02B2-4D7F-A715-A43BF92002FB} = {BA9E35E0-A82E-4EA4-8823-52D6F2A9DA79}
		{45E2AB25-14CD-44EC-AB6E-DEC206B6B7AB} = {BA9E35E0-A82E-4EA4-8823-52D6F2A9DA79}
		{9CB6FA8A-F26A-4838-9EF1-48BEE00BBE85} = {BA9E35E0-A82E-4EA4-8823-52D6F2A9DA79}
		{94CEBFF7-02E8-4FBF-AF21-6EBA7B5E6E18} = {BA9E35E0-A82E-4EA4-8823-52D6F2A9DA79}
		{117AFA3A-9276-4705-AED0-71960EF9A45E} = {22F89A00-0340-40A4-A313-E0CB390D7E9D}
		{2D8017D0-7909-4D51-A0C4-022CD806BA84} = {22F89A00-0340-40A4-A313-E0CB390D7E9D}
		{CF275BC2-DD26-4E0B-86BA-7867A3B3D876} = {22F89A00-0340-40A4-A313-E0CB390D7E9D}
		{B9A5CADD-55EC-496B-9F97-7376AE43DE23} = {22F89A00-0340-40A4-A313-E0CB390D7E9D}
		{C4BC5A71-7094-40C1-899F-DAA3436325B9} = {22F89A00-0340-40A4-A313-E0CB390D7E9D}
		{725DC803-D97E-4DC7-B3D4-8B144285C777} = {87B059F3-CA46-4B04-B402-DA65B57C2B62}
		{8E2E91DC-ED17-413D-BA9C-4FA0BEDF29F8} = {BA9E35E0-A82E-4EA4-8823-52D6F2A9DA79}
		{DC68A274-E177-4707-9C39-E61860DAD046} = {BA9E35E0-A82E-4EA4-8823-52D6F2A9DA79}
		{2D71904E-B9FF-4919-B441-2E8273D2060E} = {BA9E35E0-A82E-4EA4-8823-52D6F2A9DA79}
		{0FB18438-25D2-43D1-8EA3-F18F45C95726} = {17C5A8A7-F202-4FB5-B4D6-B6C430ED228D}
	EndGlobalSection
EndGlobal
