
Microsoft Visual Studio Solution File, Format Version 12.00
# Visual Studio 2013
VisualStudioVersion = 12.0.31101.0
MinimumVisualStudioVersion = 10.0.40219.1
Project("{2150E333-8FDC-42A3-9474-1A3956D46DE8}") = "02 客户端", "02 客户端", "{BA9E35E0-A82E-4EA4-8823-52D6F2A9DA79}"
EndProject
Project("{2150E333-8FDC-42A3-9474-1A3956D46DE8}") = "03 服务端", "03 服务端", "{22F89A00-0340-40A4-A313-E0CB390D7E9D}"
EndProject
Project("{2150E333-8FDC-42A3-9474-1A3956D46DE8}") = "01 Lib", "01 Lib", "{87B059F3-CA46-4B04-B402-DA65B57C2B62}"
EndProject
Project("{8BC9CEB8-8B4A-11D0-8D11-00A0C91BC942}") = "TcpCommucation", "TcpCommucation\TcpCommucation.vcxproj", "{725DC803-D97E-4DC7-B3D4-8B144285C777}"
EndProject
Project("{2150E333-8FDC-42A3-9474-1A3956D46DE8}") = "04 Demo", "04 Demo", "{17C5A8A7-F202-4FB5-B4D6-B6C430ED228D}"
EndProject
Project("{8BC9CEB8-8B4A-11D0-8D11-00A0C91BC942}") = "Timer", "Demo\Tool1\Tool1.vcxproj", "{0FB18438-25D2-43D1-8EA3-F18F45C95726}"
EndProject
Project("{8BC9CEB8-8B4A-11D0-8D11-00A0C91BC942}") = "NetworkStreamRead", "Demo\NetworkStreamRead\NetworkStreamRead.vcxproj", "{CDC1B110-B2B0-49CD-A6BA-9611B511F945}"
EndProject
Project("{8BC9CEB8-8B4A-11D0-8D11-00A0C91BC942}") = "GB2312Str", "Demo\GB2312Str\GB2312Str.vcxproj", "{9CEED39E-6838-4292-A550-6B677579F55D}"
EndProject
Project("{8BC9CEB8-8B4A-11D0-8D11-00A0C91BC942}") = "UTF16Str", "Demo\UTF16Str\UTF16Str.vcxproj", "{AD2F212B-07AD-48F0-8D7C-C9A8B1CBD47C}"
EndProject
Project("{8BC9CEB8-8B4A-11D0-8D11-00A0C91BC942}") = "NetworkStreamWrite", "Demo\NetworkStreamWrite\NetworkStreamWrite.vcxproj", "{9DE08810-CAF1-4B4D-B117-CDB297FCDD9B}"
EndProject
Project("{8BC9CEB8-8B4A-11D0-8D11-00A0C91BC942}") = "MemoryStream", "Demo\MemoryStream\MemoryStream.vcxproj", "{EF241EFA-A697-4CD3-8347-5906226C6FAC}"
EndProject
Global
	GlobalSection(SolutionConfigurationPlatforms) = preSolution
		Debug|Win32 = Debug|Win32
		Release|Win32 = Release|Win32
	EndGlobalSection
	GlobalSection(ProjectConfigurationPlatforms) = postSolution
		{725DC803-D97E-4DC7-B3D4-8B144285C777}.Debug|Win32.ActiveCfg = Debug|Win32
		{725DC803-D97E-4DC7-B3D4-8B144285C777}.Debug|Win32.Build.0 = Debug|Win32
		{725DC803-D97E-4DC7-B3D4-8B144285C777}.Release|Win32.ActiveCfg = Release|Win32
		{725DC803-D97E-4DC7-B3D4-8B144285C777}.Release|Win32.Build.0 = Release|Win32
		{0FB18438-25D2-43D1-8EA3-F18F45C95726}.Debug|Win32.ActiveCfg = Debug|Win32
		{0FB18438-25D2-43D1-8EA3-F18F45C95726}.Debug|Win32.Build.0 = Debug|Win32
		{0FB18438-25D2-43D1-8EA3-F18F45C95726}.Release|Win32.ActiveCfg = Release|Win32
		{0FB18438-25D2-43D1-8EA3-F18F45C95726}.Release|Win32.Build.0 = Release|Win32
		{CDC1B110-B2B0-49CD-A6BA-9611B511F945}.Debug|Win32.ActiveCfg = Debug|Win32
		{CDC1B110-B2B0-49CD-A6BA-9611B511F945}.Debug|Win32.Build.0 = Debug|Win32
		{CDC1B110-B2B0-49CD-A6BA-9611B511F945}.Release|Win32.ActiveCfg = Release|Win32
		{CDC1B110-B2B0-49CD-A6BA-9611B511F945}.Release|Win32.Build.0 = Release|Win32
		{9CEED39E-6838-4292-A550-6B677579F55D}.Debug|Win32.ActiveCfg = Debug|Win32
		{9CEED39E-6838-4292-A550-6B677579F55D}.Debug|Win32.Build.0 = Debug|Win32
		{9CEED39E-6838-4292-A550-6B677579F55D}.Release|Win32.ActiveCfg = Release|Win32
		{9CEED39E-6838-4292-A550-6B677579F55D}.Release|Win32.Build.0 = Release|Win32
		{AD2F212B-07AD-48F0-8D7C-C9A8B1CBD47C}.Debug|Win32.ActiveCfg = Debug|Win32
		{AD2F212B-07AD-48F0-8D7C-C9A8B1CBD47C}.Debug|Win32.Build.0 = Debug|Win32
		{AD2F212B-07AD-48F0-8D7C-C9A8B1CBD47C}.Release|Win32.ActiveCfg = Release|Win32
		{AD2F212B-07AD-48F0-8D7C-C9A8B1CBD47C}.Release|Win32.Build.0 = Release|Win32
		{9DE08810-CAF1-4B4D-B117-CDB297FCDD9B}.Debug|Win32.ActiveCfg = Debug|Win32
		{9DE08810-CAF1-4B4D-B117-CDB297FCDD9B}.Debug|Win32.Build.0 = Debug|Win32
		{9DE08810-CAF1-4B4D-B117-CDB297FCDD9B}.Release|Win32.ActiveCfg = Release|Win32
		{9DE08810-CAF1-4B4D-B117-CDB297FCDD9B}.Release|Win32.Build.0 = Release|Win32
		{EF241EFA-A697-4CD3-8347-5906226C6FAC}.Debug|Win32.ActiveCfg = Debug|Win32
		{EF241EFA-A697-4CD3-8347-5906226C6FAC}.Debug|Win32.Build.0 = Debug|Win32
		{EF241EFA-A697-4CD3-8347-5906226C6FAC}.Release|Win32.ActiveCfg = Release|Win32
		{EF241EFA-A697-4CD3-8347-5906226C6FAC}.Release|Win32.Build.0 = Release|Win32
	EndGlobalSection
	GlobalSection(SolutionProperties) = preSolution
		HideSolutionNode = FALSE
	EndGlobalSection
	GlobalSection(NestedProjects) = preSolution
		{725DC803-D97E-4DC7-B3D4-8B144285C777} = {87B059F3-CA46-4B04-B402-DA65B57C2B62}
		{0FB18438-25D2-43D1-8EA3-F18F45C95726} = {17C5A8A7-F202-4FB5-B4D6-B6C430ED228D}
		{CDC1B110-B2B0-49CD-A6BA-9611B511F945} = {17C5A8A7-F202-4FB5-B4D6-B6C430ED228D}
		{9CEED39E-6838-4292-A550-6B677579F55D} = {17C5A8A7-F202-4FB5-B4D6-B6C430ED228D}
		{AD2F212B-07AD-48F0-8D7C-C9A8B1CBD47C} = {17C5A8A7-F202-4FB5-B4D6-B6C430ED228D}
		{9DE08810-CAF1-4B4D-B117-CDB297FCDD9B} = {17C5A8A7-F202-4FB5-B4D6-B6C430ED228D}
		{EF241EFA-A697-4CD3-8347-5906226C6FAC} = {17C5A8A7-F202-4FB5-B4D6-B6C430ED228D}
	EndGlobalSection
EndGlobal
