<?xml version="1.0" encoding="utf-8"?>
<Project ToolsVersion="4.0" xmlns="http://schemas.microsoft.com/developer/msbuild/2003">
  <ItemGroup>
    <Filter Include="资源文件">
      <UniqueIdentifier>{67DA6AB6-F800-4c08-8B7A-83BB121AAD01}</UniqueIdentifier>
      <Extensions>rc;ico;cur;bmp;dlg;rc2;rct;bin;rgs;gif;jpg;jpeg;jpe;resx;tiff;tif;png;wav;mfcribbon-ms</Extensions>
    </Filter>
    <Filter Include="00 Def">
      <UniqueIdentifier>{fc506ec8-b41a-41c4-8b00-6d78fdf99186}</UniqueIdentifier>
    </Filter>
    <Filter Include="99 Window">
      <UniqueIdentifier>{43bd472f-4944-4cc3-9771-5ae66b3f814e}</UniqueIdentifier>
    </Filter>
    <Filter Include="100 System">
      <UniqueIdentifier>{c8bd80de-1afe-44cf-bed3-914f609a09a9}</UniqueIdentifier>
    </Filter>
    <Filter Include="01 Log">
      <UniqueIdentifier>{fe05fcbb-ccf2-44bd-b020-979c2a4e3d9c}</UniqueIdentifier>
    </Filter>
    <Filter Include="02 服务">
      <UniqueIdentifier>{e7e96b2a-181d-4874-8c58-7618a9ea98a8}</UniqueIdentifier>
    </Filter>
  </ItemGroup>
  <ItemGroup>
    <ClInclude Include="Service1.h">
      <Filter>02 服务</Filter>
    </ClInclude>
    <ClInclude Include="LogSrv.h">
      <Filter>02 服务</Filter>
    </ClInclude>
    <ClInclude Include="ExceptionHandler.h">
      <Filter>02 服务</Filter>
    </ClInclude>
    <ClInclude Include="Client1Dlg.h">
      <Filter>99 Window</Filter>
    </ClInclude>
    <ClInclude Include="Resource.h">
      <Filter>100 System</Filter>
    </ClInclude>
    <ClInclude Include="stdafx.h">
      <Filter>100 System</Filter>
    </ClInclude>
    <ClInclude Include="targetver.h">
      <Filter>100 System</Filter>
    </ClInclude>
    <ClInclude Include="Client1.h" />
    <ClInclude Include="Def.h">
      <Filter>00 Def</Filter>
    </ClInclude>
    <ClInclude Include="Msg.h">
      <Filter>00 Def</Filter>
    </ClInclude>
  </ItemGroup>
  <ItemGroup>
    <ClCompile Include="Service1.cpp">
      <Filter>02 服务</Filter>
    </ClCompile>
    <ClCompile Include="LogSrv.cpp">
      <Filter>02 服务</Filter>
    </ClCompile>
    <ClCompile Include="ExceptionHandler.cpp">
      <Filter>02 服务</Filter>
    </ClCompile>
    <ClCompile Include="Client1Dlg.cpp">
      <Filter>99 Window</Filter>
    </ClCompile>
    <ClCompile Include="stdafx.cpp">
      <Filter>100 System</Filter>
    </ClCompile>
    <ClCompile Include="Client1.cpp" />
  </ItemGroup>
  <ItemGroup>
    <ResourceCompile Include="Client1.rc">
      <Filter>资源文件</Filter>
    </ResourceCompile>
  </ItemGroup>
  <ItemGroup>
    <None Include="res\Client1.rc2">
      <Filter>资源文件</Filter>
    </None>
  </ItemGroup>
  <ItemGroup>
    <Image Include="res\Client1.ico">
      <Filter>资源文件</Filter>
    </Image>
  </ItemGroup>
  <ItemGroup>
    <Text Include="ReadMe.txt">
      <Filter>100 System</Filter>
    </Text>
  </ItemGroup>
</Project>