<?xml version="1.0" encoding="utf-8"?>
<Project ToolsVersion="4.0" xmlns="http://schemas.microsoft.com/developer/msbuild/2003">
  <ItemGroup>
    <Filter Include="01 链表">
      <UniqueIdentifier>{4d838a66-b907-4aa7-88cb-aa2e8949700b}</UniqueIdentifier>
    </Filter>
    <Filter Include="02 队列">
      <UniqueIdentifier>{2c591acd-0de3-4647-a0f0-fddd207ad25e}</UniqueIdentifier>
    </Filter>
    <Filter Include="03 线程">
      <UniqueIdentifier>{70334d3c-252a-46e3-b266-d02ff6ed6c8c}</UniqueIdentifier>
    </Filter>
    <Filter Include="04 Socket管理">
      <UniqueIdentifier>{1e438d53-0a93-4d9f-b78b-08c6ad56bcff}</UniqueIdentifier>
    </Filter>
    <Filter Include="00 公共">
      <UniqueIdentifier>{43f7a872-35aa-4517-b49f-994aa00f3b79}</UniqueIdentifier>
    </Filter>
    <Filter Include="05 定时器管理">
      <UniqueIdentifier>{347e8599-1442-4b8d-8f48-38397c873715}</UniqueIdentifier>
    </Filter>
    <Filter Include="05 定时器管理\01 线程处理">
      <UniqueIdentifier>{9104fac5-d820-48cc-900f-f02dfb401b1a}</UniqueIdentifier>
    </Filter>
    <Filter Include="05 定时器管理\00 定时器处理">
      <UniqueIdentifier>{b79e030b-3671-41d5-a649-7d44499d73d0}</UniqueIdentifier>
    </Filter>
    <Filter Include="06 Tcp通信管理">
      <UniqueIdentifier>{971cee1d-991d-45d3-a7c3-6b64ac59e86d}</UniqueIdentifier>
    </Filter>
    <Filter Include="06 Tcp通信管理\04 Tcp连接">
      <UniqueIdentifier>{f6490646-483b-4fd3-bb32-12879705b7f3}</UniqueIdentifier>
    </Filter>
    <Filter Include="06 Tcp通信管理\05 Tcp服务">
      <UniqueIdentifier>{5fb097eb-90ed-44ce-a91c-ed3dddcb115d}</UniqueIdentifier>
    </Filter>
    <Filter Include="06 Tcp通信管理\06 Tcp客户端">
      <UniqueIdentifier>{b6d57f77-0fef-486a-b392-39a58c22a023}</UniqueIdentifier>
    </Filter>
    <Filter Include="06 Tcp通信管理\07 Tcp服务端">
      <UniqueIdentifier>{bc7a4d26-2d09-44af-bd90-fdab95bddefe}</UniqueIdentifier>
    </Filter>
    <Filter Include="06 Tcp通信管理\02 Socket信号处理">
      <UniqueIdentifier>{cdf97335-b171-4316-85f3-f45927fe78cb}</UniqueIdentifier>
    </Filter>
    <Filter Include="06 Tcp通信管理\01 线程处理">
      <UniqueIdentifier>{f396dfe6-e594-4801-bfe7-cd750aed8ca3}</UniqueIdentifier>
    </Filter>
    <Filter Include="06 Tcp通信管理\03 Tcp事件">
      <UniqueIdentifier>{ea75656b-4c43-4df2-851b-ebad2d01f7b8}</UniqueIdentifier>
    </Filter>
    <Filter Include="08 通信协议管理">
      <UniqueIdentifier>{e91db0c6-7780-42f1-b0c8-4d5e2b01204c}</UniqueIdentifier>
    </Filter>
    <Filter Include="07 流处理">
      <UniqueIdentifier>{eb870d64-278d-46a7-9a59-c5b609da3673}</UniqueIdentifier>
    </Filter>
  </ItemGroup>
  <ItemGroup>
    <ClInclude Include="MemoryTool.h">
      <Filter>00 公共</Filter>
    </ClInclude>
    <ClInclude Include="EncryptBuffer.h">
      <Filter>00 公共</Filter>
    </ClInclude>
    <ClInclude Include="OtherTool.h">
      <Filter>00 公共</Filter>
    </ClInclude>
    <ClInclude Include="TcpServer.h">
      <Filter>06 Tcp通信管理\07 Tcp服务端</Filter>
    </ClInclude>
    <ClInclude Include="PacketBase.h">
      <Filter>08 通信协议管理</Filter>
    </ClInclude>
    <ClInclude Include="PacketHeadBase.h">
      <Filter>08 通信协议管理</Filter>
    </ClInclude>
    <ClInclude Include="Node.h">
      <Filter>01 链表</Filter>
    </ClInclude>
    <ClInclude Include="LinkList.h">
      <Filter>01 链表</Filter>
    </ClInclude>
    <ClInclude Include="Queue.h">
      <Filter>02 队列</Filter>
    </ClInclude>
    <ClInclude Include="Thread.h">
      <Filter>03 线程</Filter>
    </ClInclude>
    <ClInclude Include="ThreadEvent.h">
      <Filter>03 线程</Filter>
    </ClInclude>
    <ClInclude Include="ThreadLock.h">
      <Filter>03 线程</Filter>
    </ClInclude>
    <ClInclude Include="SafeLock.h">
      <Filter>03 线程</Filter>
    </ClInclude>
    <ClInclude Include="ThreadMutex.h">
      <Filter>03 线程</Filter>
    </ClInclude>
    <ClInclude Include="ThreadMutexHelper.h">
      <Filter>03 线程</Filter>
    </ClInclude>
    <ClInclude Include="ThreadSemaphore.h">
      <Filter>03 线程</Filter>
    </ClInclude>
    <ClInclude Include="ThreadMgr.h">
      <Filter>03 线程</Filter>
    </ClInclude>
    <ClInclude Include="Common.h">
      <Filter>00 公共</Filter>
    </ClInclude>
    <ClInclude Include="TcpConnection.h">
      <Filter>06 Tcp通信管理\04 Tcp连接</Filter>
    </ClInclude>
    <ClInclude Include="TcpConnectionMgr.h">
      <Filter>06 Tcp通信管理\04 Tcp连接</Filter>
    </ClInclude>
    <ClInclude Include="TcpService.h">
      <Filter>06 Tcp通信管理\05 Tcp服务</Filter>
    </ClInclude>
    <ClInclude Include="TcpServiceMgr.h">
      <Filter>06 Tcp通信管理\05 Tcp服务</Filter>
    </ClInclude>
    <ClInclude Include="SocketAPI.h">
      <Filter>04 Socket管理</Filter>
    </ClInclude>
    <ClInclude Include="ServerTcpConnection.h">
      <Filter>06 Tcp通信管理\04 Tcp连接</Filter>
    </ClInclude>
    <ClInclude Include="ThreadEntry.h">
      <Filter>03 线程</Filter>
    </ClInclude>
    <ClInclude Include="TcpClient.h">
      <Filter>06 Tcp通信管理\06 Tcp客户端</Filter>
    </ClInclude>
    <ClInclude Include="RecvNewConnEvt.h">
      <Filter>06 Tcp通信管理\03 Tcp事件</Filter>
    </ClInclude>
    <ClInclude Include="RecvPeerDataEvt.h">
      <Filter>06 Tcp通信管理\03 Tcp事件</Filter>
    </ClInclude>
    <ClInclude Include="TcpDisconnectEvt.h">
      <Filter>06 Tcp通信管理\03 Tcp事件</Filter>
    </ClInclude>
    <ClInclude Include="RecvThread.h">
      <Filter>06 Tcp通信管理\01 线程处理</Filter>
    </ClInclude>
    <ClInclude Include="SocketSingal.h">
      <Filter>06 Tcp通信管理\02 Socket信号处理</Filter>
    </ClInclude>
    <ClInclude Include="Select.h">
      <Filter>06 Tcp通信管理\02 Socket信号处理</Filter>
    </ClInclude>
    <ClInclude Include="SendThread.h">
      <Filter>06 Tcp通信管理\01 线程处理</Filter>
    </ClInclude>
    <ClInclude Include="CommonThread.h">
      <Filter>06 Tcp通信管理\01 线程处理</Filter>
    </ClInclude>
    <ClInclude Include="SelectThread.h">
      <Filter>06 Tcp通信管理\01 线程处理</Filter>
    </ClInclude>
    <ClInclude Include="TcpEvtThread.h">
      <Filter>06 Tcp通信管理\01 线程处理</Filter>
    </ClInclude>
    <ClInclude Include="TcpEvt.h">
      <Filter>06 Tcp通信管理\03 Tcp事件</Filter>
    </ClInclude>
    <ClInclude Include="TcpEvtMgr.h">
      <Filter>06 Tcp通信管理\03 Tcp事件</Filter>
    </ClInclude>
    <ClInclude Include="SendDataResultEvt.h">
      <Filter>06 Tcp通信管理\03 Tcp事件</Filter>
    </ClInclude>
    <ClInclude Include="ClientTcpConnection.h">
      <Filter>06 Tcp通信管理\04 Tcp连接</Filter>
    </ClInclude>
    <ClInclude Include="targetver.h" />
    <ClInclude Include="stdafx.h" />
    <ClInclude Include="TimerAppMgr.h">
      <Filter>05 定时器管理</Filter>
    </ClInclude>
    <ClInclude Include="TimerMgr.h">
      <Filter>05 定时器管理\00 定时器处理</Filter>
    </ClInclude>
    <ClInclude Include="ProcessTimeoutThread.h">
      <Filter>05 定时器管理\01 线程处理</Filter>
    </ClInclude>
    <ClInclude Include="BuildTimeoutThread.h">
      <Filter>05 定时器管理\01 线程处理</Filter>
    </ClInclude>
    <ClInclude Include="TimeoutMgr.h">
      <Filter>05 定时器管理\00 定时器处理</Filter>
    </ClInclude>
    <ClInclude Include="Timer.h">
      <Filter>05 定时器管理\00 定时器处理</Filter>
    </ClInclude>
    <ClInclude Include="Def.h">
      <Filter>06 Tcp通信管理</Filter>
    </ClInclude>
    <ClInclude Include="NetCommuMgr.h">
      <Filter>06 Tcp通信管理</Filter>
    </ClInclude>
    <ClInclude Include="RecvConnResultEvt.h">
      <Filter>06 Tcp通信管理\03 Tcp事件</Filter>
    </ClInclude>
    <ClInclude Include="ConnectSrvResultEvt.h">
      <Filter>06 Tcp通信管理\03 Tcp事件</Filter>
    </ClInclude>
    <ClInclude Include="ByteStream.h">
      <Filter>07 流处理</Filter>
    </ClInclude>
    <ClInclude Include="Include\nc\NCTool.h">
      <Filter>00 公共</Filter>
    </ClInclude>
    <ClInclude Include="Include\nc\NetworkStreamRead.h">
      <Filter>07 流处理</Filter>
    </ClInclude>
    <ClInclude Include="Include\nc\GB2312Str.h">
      <Filter>00 公共</Filter>
    </ClInclude>
    <ClInclude Include="Include\nc\UTF16Str.h">
      <Filter>00 公共</Filter>
    </ClInclude>
    <ClInclude Include="Include\nc\NetworkStreamWrite.h">
      <Filter>07 流处理</Filter>
    </ClInclude>
  </ItemGroup>
  <ItemGroup>
    <ClCompile Include="MemoryTool.cpp">
      <Filter>00 公共</Filter>
    </ClCompile>
    <ClCompile Include="TcpClient.cpp">
      <Filter>06 Tcp通信管理\06 Tcp客户端</Filter>
    </ClCompile>
    <ClCompile Include="EncryptBuffer.cpp">
      <Filter>00 公共</Filter>
    </ClCompile>
    <ClCompile Include="OtherTool.cpp">
      <Filter>00 公共</Filter>
    </ClCompile>
    <ClCompile Include="TcpServer.cpp">
      <Filter>06 Tcp通信管理\07 Tcp服务端</Filter>
    </ClCompile>
    <ClCompile Include="PacketBase.cpp">
      <Filter>08 通信协议管理</Filter>
    </ClCompile>
    <ClCompile Include="PacketHeadBase.cpp">
      <Filter>08 通信协议管理</Filter>
    </ClCompile>
    <ClCompile Include="Node.cpp">
      <Filter>01 链表</Filter>
    </ClCompile>
    <ClCompile Include="LinkList.cpp">
      <Filter>01 链表</Filter>
    </ClCompile>
    <ClCompile Include="Thread.cpp">
      <Filter>03 线程</Filter>
    </ClCompile>
    <ClCompile Include="ThreadEvent.cpp">
      <Filter>03 线程</Filter>
    </ClCompile>
    <ClCompile Include="ThreadLock.cpp">
      <Filter>03 线程</Filter>
    </ClCompile>
    <ClCompile Include="SafeLock.cpp">
      <Filter>03 线程</Filter>
    </ClCompile>
    <ClCompile Include="ThreadMutex.cpp">
      <Filter>03 线程</Filter>
    </ClCompile>
    <ClCompile Include="ThreadMutexHelper.cpp">
      <Filter>03 线程</Filter>
    </ClCompile>
    <ClCompile Include="ThreadSemaphore.cpp">
      <Filter>03 线程</Filter>
    </ClCompile>
    <ClCompile Include="ThreadMgr.cpp">
      <Filter>03 线程</Filter>
    </ClCompile>
    <ClCompile Include="Common.cpp">
      <Filter>00 公共</Filter>
    </ClCompile>
    <ClCompile Include="TcpConnection.cpp">
      <Filter>06 Tcp通信管理\04 Tcp连接</Filter>
    </ClCompile>
    <ClCompile Include="TcpConnectionMgr.cpp">
      <Filter>06 Tcp通信管理\04 Tcp连接</Filter>
    </ClCompile>
    <ClCompile Include="TcpService.cpp">
      <Filter>06 Tcp通信管理\05 Tcp服务</Filter>
    </ClCompile>
    <ClCompile Include="TcpServiceMgr.cpp">
      <Filter>06 Tcp通信管理\05 Tcp服务</Filter>
    </ClCompile>
    <ClCompile Include="SocketAPI.cpp">
      <Filter>04 Socket管理</Filter>
    </ClCompile>
    <ClCompile Include="ServerTcpConnection.cpp">
      <Filter>06 Tcp通信管理\04 Tcp连接</Filter>
    </ClCompile>
    <ClCompile Include="ThreadEntry.cpp">
      <Filter>03 线程</Filter>
    </ClCompile>
    <ClCompile Include="RecvNewConnEvt.cpp">
      <Filter>06 Tcp通信管理\03 Tcp事件</Filter>
    </ClCompile>
    <ClCompile Include="RecvPeerDataEvt.cpp">
      <Filter>06 Tcp通信管理\03 Tcp事件</Filter>
    </ClCompile>
    <ClCompile Include="TcpDisconnectEvt.cpp">
      <Filter>06 Tcp通信管理\03 Tcp事件</Filter>
    </ClCompile>
    <ClCompile Include="RecvThread.cpp">
      <Filter>06 Tcp通信管理\01 线程处理</Filter>
    </ClCompile>
    <ClCompile Include="SocketSingal.cpp">
      <Filter>06 Tcp通信管理\02 Socket信号处理</Filter>
    </ClCompile>
    <ClCompile Include="Select.cpp">
      <Filter>06 Tcp通信管理\02 Socket信号处理</Filter>
    </ClCompile>
    <ClCompile Include="SendThread.cpp">
      <Filter>06 Tcp通信管理\01 线程处理</Filter>
    </ClCompile>
    <ClCompile Include="CommonThread.cpp">
      <Filter>06 Tcp通信管理\01 线程处理</Filter>
    </ClCompile>
    <ClCompile Include="SelectThread.cpp">
      <Filter>06 Tcp通信管理\01 线程处理</Filter>
    </ClCompile>
    <ClCompile Include="TcpEvtThread.cpp">
      <Filter>06 Tcp通信管理\01 线程处理</Filter>
    </ClCompile>
    <ClCompile Include="TcpEvt.cpp">
      <Filter>06 Tcp通信管理\03 Tcp事件</Filter>
    </ClCompile>
    <ClCompile Include="TcpEvtMgr.cpp">
      <Filter>06 Tcp通信管理\03 Tcp事件</Filter>
    </ClCompile>
    <ClCompile Include="SendDataResultEvt.cpp">
      <Filter>06 Tcp通信管理\03 Tcp事件</Filter>
    </ClCompile>
    <ClCompile Include="ClientTcpConnection.cpp">
      <Filter>06 Tcp通信管理\04 Tcp连接</Filter>
    </ClCompile>
    <ClCompile Include="stdafx.cpp" />
    <ClCompile Include="TimerAppMgr.cpp">
      <Filter>05 定时器管理</Filter>
    </ClCompile>
    <ClCompile Include="Timer.cpp">
      <Filter>05 定时器管理\00 定时器处理</Filter>
    </ClCompile>
    <ClCompile Include="TimerMgr.cpp">
      <Filter>05 定时器管理\00 定时器处理</Filter>
    </ClCompile>
    <ClCompile Include="ProcessTimeoutThread.cpp">
      <Filter>05 定时器管理\01 线程处理</Filter>
    </ClCompile>
    <ClCompile Include="BuildTimeoutThread.cpp">
      <Filter>05 定时器管理\01 线程处理</Filter>
    </ClCompile>
    <ClCompile Include="TimeoutMgr.cpp">
      <Filter>05 定时器管理\00 定时器处理</Filter>
    </ClCompile>
    <ClCompile Include="NetCommuMgr.cpp">
      <Filter>06 Tcp通信管理</Filter>
    </ClCompile>
    <ClCompile Include="RecvConnResultEvt.cpp">
      <Filter>06 Tcp通信管理\03 Tcp事件</Filter>
    </ClCompile>
    <ClCompile Include="ConnectSrvResultEvt.cpp">
      <Filter>06 Tcp通信管理\03 Tcp事件</Filter>
    </ClCompile>
    <ClCompile Include="ByteStream.cpp">
      <Filter>07 流处理</Filter>
    </ClCompile>
    <ClCompile Include="NCTool.cpp">
      <Filter>00 公共</Filter>
    </ClCompile>
    <ClCompile Include="NetworkStreamRead.cpp">
      <Filter>07 流处理</Filter>
    </ClCompile>
    <ClCompile Include="GB2312Str.cpp">
      <Filter>00 公共</Filter>
    </ClCompile>
    <ClCompile Include="UTF16Str.cpp">
      <Filter>00 公共</Filter>
    </ClCompile>
    <ClCompile Include="NetworkStreamWrite.cpp">
      <Filter>07 流处理</Filter>
    </ClCompile>
  </ItemGroup>
  <ItemGroup>
    <Text Include="ReadMe.txt" />
  </ItemGroup>
</Project>