<?xml version="1.0" encoding="utf-8"?>
<Project ToolsVersion="4.0" xmlns="http://schemas.microsoft.com/developer/msbuild/2003">
  <ItemGroup>
    <Filter Include="01 链表">
      <UniqueIdentifier>{4d838a66-b907-4aa7-88cb-aa2e8949700b}</UniqueIdentifier>
    </Filter>
    <Filter Include="02 队列">
      <UniqueIdentifier>{2c591acd-0de3-4647-a0f0-fddd207ad25e}</UniqueIdentifier>
    </Filter>
    <Filter Include="03 线程">
      <UniqueIdentifier>{70334d3c-252a-46e3-b266-d02ff6ed6c8c}</UniqueIdentifier>
    </Filter>
    <Filter Include="00 公共">
      <UniqueIdentifier>{43f7a872-35aa-4517-b49f-994aa00f3b79}</UniqueIdentifier>
    </Filter>
    <Filter Include="05 定时器管理">
      <UniqueIdentifier>{347e8599-1442-4b8d-8f48-38397c873715}</UniqueIdentifier>
    </Filter>
    <Filter Include="05 定时器管理\01 线程处理">
      <UniqueIdentifier>{9104fac5-d820-48cc-900f-f02dfb401b1a}</UniqueIdentifier>
    </Filter>
    <Filter Include="05 定时器管理\00 定时器处理">
      <UniqueIdentifier>{b79e030b-3671-41d5-a649-7d44499d73d0}</UniqueIdentifier>
    </Filter>
    <Filter Include="06 Tcp通信管理">
      <UniqueIdentifier>{971cee1d-991d-45d3-a7c3-6b64ac59e86d}</UniqueIdentifier>
    </Filter>
    <Filter Include="06 Tcp通信管理\01 线程处理">
      <UniqueIdentifier>{f396dfe6-e594-4801-bfe7-cd750aed8ca3}</UniqueIdentifier>
    </Filter>
    <Filter Include="07 流处理">
      <UniqueIdentifier>{eb870d64-278d-46a7-9a59-c5b609da3673}</UniqueIdentifier>
    </Filter>
    <Filter Include="06 Tcp通信管理\00 Socket数据管理">
      <UniqueIdentifier>{956bc1cb-c891-4bcb-9b39-868e0d143606}</UniqueIdentifier>
    </Filter>
    <Filter Include="06 Tcp通信管理\02 select处理">
      <UniqueIdentifier>{cdf97335-b171-4316-85f3-f45927fe78cb}</UniqueIdentifier>
    </Filter>
    <Filter Include="99 其它">
      <UniqueIdentifier>{7c552aca-50ad-4565-8f87-b2addd8551ba}</UniqueIdentifier>
    </Filter>
    <Filter Include="04 Socket Api">
      <UniqueIdentifier>{1e438d53-0a93-4d9f-b78b-08c6ad56bcff}</UniqueIdentifier>
    </Filter>
    <Filter Include="06 Tcp通信管理\03 Socket事件">
      <UniqueIdentifier>{d7c915fc-b9e1-4beb-ad3a-e2e1fbf74a7d}</UniqueIdentifier>
    </Filter>
    <Filter Include="06 Tcp通信管理\04 收发数据处理">
      <UniqueIdentifier>{1e8bc839-b619-40ad-9cd1-b5ad91c83e40}</UniqueIdentifier>
    </Filter>
    <Filter Include="06 Tcp通信管理\05 Tcp连接">
      <UniqueIdentifier>{f6490646-483b-4fd3-bb32-12879705b7f3}</UniqueIdentifier>
    </Filter>
    <Filter Include="06 Tcp通信管理\06 Tcp服务">
      <UniqueIdentifier>{5fb097eb-90ed-44ce-a91c-ed3dddcb115d}</UniqueIdentifier>
    </Filter>
    <Filter Include="06 Tcp通信管理\07 Tcp客户端">
      <UniqueIdentifier>{b6d57f77-0fef-486a-b392-39a58c22a023}</UniqueIdentifier>
    </Filter>
    <Filter Include="06 Tcp通信管理\08 Tcp服务端">
      <UniqueIdentifier>{bc7a4d26-2d09-44af-bd90-fdab95bddefe}</UniqueIdentifier>
    </Filter>
    <Filter Include="06 Tcp通信管理\09 Tcp事件">
      <UniqueIdentifier>{ea75656b-4c43-4df2-851b-ebad2d01f7b8}</UniqueIdentifier>
    </Filter>
    <Filter Include="10 日志处理">
      <UniqueIdentifier>{fe933227-69a7-43ff-9744-11782c089464}</UniqueIdentifier>
    </Filter>
    <Filter Include="06 Tcp通信管理\10 Session">
      <UniqueIdentifier>{048b435f-4f37-44f5-afe4-d88086038db1}</UniqueIdentifier>
    </Filter>
    <Filter Include="08 基于包的通信">
      <UniqueIdentifier>{b7d5b197-139f-4864-9d54-3f19ea75f152}</UniqueIdentifier>
    </Filter>
    <Filter Include="08 基于包的通信\01 包处理">
      <UniqueIdentifier>{e91db0c6-7780-42f1-b0c8-4d5e2b01204c}</UniqueIdentifier>
    </Filter>
    <Filter Include="08 基于包的通信\00 心跳包服务">
      <UniqueIdentifier>{808cdbc0-bdb0-450d-a386-143236f3f4f1}</UniqueIdentifier>
    </Filter>
  </ItemGroup>
  <ItemGroup>
    <ClInclude Include="Include\tc\MemoryStream.h">
      <Filter>07 流处理</Filter>
    </ClInclude>
    <ClInclude Include="Include\tc\NetworkStreamRead.h">
      <Filter>07 流处理</Filter>
    </ClInclude>
    <ClInclude Include="Include\tc\NetworkStreamWrite.h">
      <Filter>07 流处理</Filter>
    </ClInclude>
    <ClInclude Include="Include\tc\GB2312Str.h">
      <Filter>00 公共</Filter>
    </ClInclude>
    <ClInclude Include="Include\tc\UTF16Str.h">
      <Filter>00 公共</Filter>
    </ClInclude>
    <ClInclude Include="Include\tc\NCTool.h">
      <Filter>00 公共</Filter>
    </ClInclude>
    <ClInclude Include="Include\tc\TcpServer.h">
      <Filter>06 Tcp通信管理\08 Tcp服务端</Filter>
    </ClInclude>
    <ClInclude Include="Include\tc\ConnDisconnectEvt.h">
      <Filter>06 Tcp通信管理\09 Tcp事件</Filter>
    </ClInclude>
    <ClInclude Include="Include\tc\RecvNewConnEvt.h">
      <Filter>06 Tcp通信管理\09 Tcp事件</Filter>
    </ClInclude>
    <ClInclude Include="Include\tc\TcpEvt.h">
      <Filter>06 Tcp通信管理\09 Tcp事件</Filter>
    </ClInclude>
    <ClInclude Include="Include\tc\SocketTool.h">
      <Filter>04 Socket Api</Filter>
    </ClInclude>
    <ClInclude Include="Include\tc\TcpCommuMgr.h" />
    <ClInclude Include="stdafx.h">
      <Filter>99 其它</Filter>
    </ClInclude>
    <ClInclude Include="targetver.h">
      <Filter>99 其它</Filter>
    </ClInclude>
    <ClInclude Include="Include\tc\TcpClient.h">
      <Filter>06 Tcp通信管理\07 Tcp客户端</Filter>
    </ClInclude>
    <ClInclude Include="Include\tc\Timer.h">
      <Filter>05 定时器管理\00 定时器处理</Filter>
    </ClInclude>
    <ClInclude Include="Include\tc\TimerMoudleMgr.h">
      <Filter>05 定时器管理</Filter>
    </ClInclude>
    <ClInclude Include="Include\tc\ThreadEntry.h">
      <Filter>03 线程</Filter>
    </ClInclude>
    <ClInclude Include="Include\tc\TimeMgr.h">
      <Filter>05 定时器管理\00 定时器处理</Filter>
    </ClInclude>
    <ClInclude Include="Include\tc\TimerMgr.h">
      <Filter>05 定时器管理\00 定时器处理</Filter>
    </ClInclude>
    <ClInclude Include="Include\tc\TimeThread1.h">
      <Filter>05 定时器管理\01 线程处理</Filter>
    </ClInclude>
    <ClInclude Include="Include\tc\TimeThread2.h">
      <Filter>05 定时器管理\01 线程处理</Filter>
    </ClInclude>
    <ClInclude Include="Include\tc\SocketDataMgr.h">
      <Filter>06 Tcp通信管理\00 Socket数据管理</Filter>
    </ClInclude>
    <ClInclude Include="Include\tc\RecvThread.h">
      <Filter>06 Tcp通信管理\01 线程处理</Filter>
    </ClInclude>
    <ClInclude Include="Include\tc\SelectThread.h">
      <Filter>06 Tcp通信管理\01 线程处理</Filter>
    </ClInclude>
    <ClInclude Include="Include\tc\SendThread.h">
      <Filter>06 Tcp通信管理\01 线程处理</Filter>
    </ClInclude>
    <ClInclude Include="Include\tc\TcpEvtThread.h">
      <Filter>06 Tcp通信管理\01 线程处理</Filter>
    </ClInclude>
    <ClInclude Include="Include\tc\Select.h">
      <Filter>06 Tcp通信管理\02 select处理</Filter>
    </ClInclude>
    <ClInclude Include="Include\tc\ConnDisconnSocEvt.h">
      <Filter>06 Tcp通信管理\03 Socket事件</Filter>
    </ClInclude>
    <ClInclude Include="Include\tc\ConnectCplSocEvt.h">
      <Filter>06 Tcp通信管理\03 Socket事件</Filter>
    </ClInclude>
    <ClInclude Include="Include\tc\RecvNewConnSocEvt.h">
      <Filter>06 Tcp通信管理\03 Socket事件</Filter>
    </ClInclude>
    <ClInclude Include="Include\tc\RecvPeerDataSocEvt.h">
      <Filter>06 Tcp通信管理\03 Socket事件</Filter>
    </ClInclude>
    <ClInclude Include="Include\tc\SendPeerDataSocEvt.h">
      <Filter>06 Tcp通信管理\03 Socket事件</Filter>
    </ClInclude>
    <ClInclude Include="Include\tc\SocketEvt.h">
      <Filter>06 Tcp通信管理\03 Socket事件</Filter>
    </ClInclude>
    <ClInclude Include="Include\tc\RecvDataHandler.h">
      <Filter>06 Tcp通信管理\04 收发数据处理</Filter>
    </ClInclude>
    <ClInclude Include="Include\tc\SendDataHandler.h">
      <Filter>06 Tcp通信管理\04 收发数据处理</Filter>
    </ClInclude>
    <ClInclude Include="Include\tc\SocketDataHandler.h">
      <Filter>06 Tcp通信管理\04 收发数据处理</Filter>
    </ClInclude>
    <ClInclude Include="Include\tc\TcpConnection.h">
      <Filter>06 Tcp通信管理\05 Tcp连接</Filter>
    </ClInclude>
    <ClInclude Include="Include\tc\TcpConnectionMgr.h">
      <Filter>06 Tcp通信管理\05 Tcp连接</Filter>
    </ClInclude>
    <ClInclude Include="Include\tc\TcpService.h">
      <Filter>06 Tcp通信管理\06 Tcp服务</Filter>
    </ClInclude>
    <ClInclude Include="Include\tc\TcpServiceMgr.h">
      <Filter>06 Tcp通信管理\06 Tcp服务</Filter>
    </ClInclude>
    <ClInclude Include="Include\tc\TcpEvtMgr.h">
      <Filter>06 Tcp通信管理\09 Tcp事件</Filter>
    </ClInclude>
    <ClInclude Include="Include\tc\Def.h" />
    <ClInclude Include="Include\tc\TcpLog.h">
      <Filter>10 日志处理</Filter>
    </ClInclude>
    <ClInclude Include="Include\tc\TcpLogMgr.h">
      <Filter>10 日志处理</Filter>
    </ClInclude>
    <ClInclude Include="Include\tc\ConnectSrvCplEvt.h">
      <Filter>06 Tcp通信管理\09 Tcp事件</Filter>
    </ClInclude>
    <ClInclude Include="Include\tc\RecvPeerDataEvt.h">
      <Filter>06 Tcp通信管理\09 Tcp事件</Filter>
    </ClInclude>
    <ClInclude Include="Include\tc\PacketHead.h">
      <Filter>08 基于包的通信\01 包处理</Filter>
    </ClInclude>
    <ClInclude Include="Include\tc\Packet.h">
      <Filter>08 基于包的通信\01 包处理</Filter>
    </ClInclude>
    <ClInclude Include="Include\tc\PacketSrv.h">
      <Filter>08 基于包的通信</Filter>
    </ClInclude>
    <ClInclude Include="Include\tc\KeepAliveClient.h">
      <Filter>08 基于包的通信\00 心跳包服务</Filter>
    </ClInclude>
    <ClInclude Include="Include\tc\KeepAliveSrv.h">
      <Filter>08 基于包的通信\00 心跳包服务</Filter>
    </ClInclude>
    <ClInclude Include="Include\tc\KeepAliveServer.h">
      <Filter>08 基于包的通信\00 心跳包服务</Filter>
    </ClInclude>
    <ClInclude Include="Include\tc\TcpSession.h">
      <Filter>06 Tcp通信管理\10 Session</Filter>
    </ClInclude>
    <ClInclude Include="Include\tc\SessionMgr.h">
      <Filter>06 Tcp通信管理\10 Session</Filter>
    </ClInclude>
  </ItemGroup>
  <ItemGroup>
    <ClCompile Include="TcpClient.cpp">
      <Filter>06 Tcp通信管理\07 Tcp客户端</Filter>
    </ClCompile>
    <ClCompile Include="TcpServer.cpp">
      <Filter>06 Tcp通信管理\08 Tcp服务端</Filter>
    </ClCompile>
    <ClCompile Include="Node.cpp">
      <Filter>01 链表</Filter>
    </ClCompile>
    <ClCompile Include="LinkList.cpp">
      <Filter>01 链表</Filter>
    </ClCompile>
    <ClCompile Include="Thread.cpp">
      <Filter>03 线程</Filter>
    </ClCompile>
    <ClCompile Include="ThreadEvent.cpp">
      <Filter>03 线程</Filter>
    </ClCompile>
    <ClCompile Include="ThreadLock.cpp">
      <Filter>03 线程</Filter>
    </ClCompile>
    <ClCompile Include="SafeLock.cpp">
      <Filter>03 线程</Filter>
    </ClCompile>
    <ClCompile Include="ThreadMutex.cpp">
      <Filter>03 线程</Filter>
    </ClCompile>
    <ClCompile Include="ThreadMutexHelper.cpp">
      <Filter>03 线程</Filter>
    </ClCompile>
    <ClCompile Include="ThreadSemaphore.cpp">
      <Filter>03 线程</Filter>
    </ClCompile>
    <ClCompile Include="ThreadMgr.cpp">
      <Filter>03 线程</Filter>
    </ClCompile>
    <ClCompile Include="TcpConnection.cpp">
      <Filter>06 Tcp通信管理\05 Tcp连接</Filter>
    </ClCompile>
    <ClCompile Include="TcpConnectionMgr.cpp">
      <Filter>06 Tcp通信管理\05 Tcp连接</Filter>
    </ClCompile>
    <ClCompile Include="TcpService.cpp">
      <Filter>06 Tcp通信管理\06 Tcp服务</Filter>
    </ClCompile>
    <ClCompile Include="TcpServiceMgr.cpp">
      <Filter>06 Tcp通信管理\06 Tcp服务</Filter>
    </ClCompile>
    <ClCompile Include="ThreadEntry.cpp">
      <Filter>03 线程</Filter>
    </ClCompile>
    <ClCompile Include="RecvThread.cpp">
      <Filter>06 Tcp通信管理\01 线程处理</Filter>
    </ClCompile>
    <ClCompile Include="Select.cpp">
      <Filter>06 Tcp通信管理\02 select处理</Filter>
    </ClCompile>
    <ClCompile Include="SendThread.cpp">
      <Filter>06 Tcp通信管理\01 线程处理</Filter>
    </ClCompile>
    <ClCompile Include="SelectThread.cpp">
      <Filter>06 Tcp通信管理\01 线程处理</Filter>
    </ClCompile>
    <ClCompile Include="TcpEvtThread.cpp">
      <Filter>06 Tcp通信管理\01 线程处理</Filter>
    </ClCompile>
    <ClCompile Include="TcpEvt.cpp">
      <Filter>06 Tcp通信管理\09 Tcp事件</Filter>
    </ClCompile>
    <ClCompile Include="TcpEvtMgr.cpp">
      <Filter>06 Tcp通信管理\09 Tcp事件</Filter>
    </ClCompile>
    <ClCompile Include="Timer.cpp">
      <Filter>05 定时器管理\00 定时器处理</Filter>
    </ClCompile>
    <ClCompile Include="TimerMgr.cpp">
      <Filter>05 定时器管理\00 定时器处理</Filter>
    </ClCompile>
    <ClCompile Include="NCTool.cpp">
      <Filter>00 公共</Filter>
    </ClCompile>
    <ClCompile Include="NetworkStreamRead.cpp">
      <Filter>07 流处理</Filter>
    </ClCompile>
    <ClCompile Include="GB2312Str.cpp">
      <Filter>00 公共</Filter>
    </ClCompile>
    <ClCompile Include="UTF16Str.cpp">
      <Filter>00 公共</Filter>
    </ClCompile>
    <ClCompile Include="NetworkStreamWrite.cpp">
      <Filter>07 流处理</Filter>
    </ClCompile>
    <ClCompile Include="MemoryStream.cpp">
      <Filter>07 流处理</Filter>
    </ClCompile>
    <ClCompile Include="RecvNewConnEvt.cpp">
      <Filter>06 Tcp通信管理\09 Tcp事件</Filter>
    </ClCompile>
    <ClCompile Include="ConnDisconnectEvt.cpp">
      <Filter>06 Tcp通信管理\09 Tcp事件</Filter>
    </ClCompile>
    <ClCompile Include="SocketTool.cpp">
      <Filter>04 Socket Api</Filter>
    </ClCompile>
    <ClCompile Include="TcpCommuMgr.cpp" />
    <ClCompile Include="SocketDataMgr.cpp">
      <Filter>06 Tcp通信管理\00 Socket数据管理</Filter>
    </ClCompile>
    <ClCompile Include="stdafx.cpp">
      <Filter>99 其它</Filter>
    </ClCompile>
    <ClCompile Include="RecvNewConnSocEvt.cpp">
      <Filter>06 Tcp通信管理\03 Socket事件</Filter>
    </ClCompile>
    <ClCompile Include="SocketEvt.cpp">
      <Filter>06 Tcp通信管理\03 Socket事件</Filter>
    </ClCompile>
    <ClCompile Include="RecvPeerDataSocEvt.cpp">
      <Filter>06 Tcp通信管理\03 Socket事件</Filter>
    </ClCompile>
    <ClCompile Include="ConnDisconnSocEvt.cpp">
      <Filter>06 Tcp通信管理\03 Socket事件</Filter>
    </ClCompile>
    <ClCompile Include="RecvDataHandler.cpp">
      <Filter>06 Tcp通信管理\04 收发数据处理</Filter>
    </ClCompile>
    <ClCompile Include="SendDataHandler.cpp">
      <Filter>06 Tcp通信管理\04 收发数据处理</Filter>
    </ClCompile>
    <ClCompile Include="SendPeerDataSocEvt.cpp">
      <Filter>06 Tcp通信管理\03 Socket事件</Filter>
    </ClCompile>
    <ClCompile Include="SocketDataHandler.cpp">
      <Filter>06 Tcp通信管理\04 收发数据处理</Filter>
    </ClCompile>
    <ClCompile Include="ConnectCplSocEvt.cpp">
      <Filter>06 Tcp通信管理\03 Socket事件</Filter>
    </ClCompile>
    <ClCompile Include="TimerMoudleMgr.cpp">
      <Filter>05 定时器管理</Filter>
    </ClCompile>
    <ClCompile Include="TimeMgr.cpp">
      <Filter>05 定时器管理\00 定时器处理</Filter>
    </ClCompile>
    <ClCompile Include="TimeThread1.cpp">
      <Filter>05 定时器管理\01 线程处理</Filter>
    </ClCompile>
    <ClCompile Include="TimeThread2.cpp">
      <Filter>05 定时器管理\01 线程处理</Filter>
    </ClCompile>
    <ClCompile Include="TcpLog.cpp">
      <Filter>10 日志处理</Filter>
    </ClCompile>
    <ClCompile Include="TcpLogMgr.cpp">
      <Filter>10 日志处理</Filter>
    </ClCompile>
    <ClCompile Include="ConnectSrvCplEvt.cpp">
      <Filter>06 Tcp通信管理\09 Tcp事件</Filter>
    </ClCompile>
    <ClCompile Include="RecvPeerDataEvt.cpp">
      <Filter>06 Tcp通信管理\09 Tcp事件</Filter>
    </ClCompile>
    <ClCompile Include="PacketHead.cpp">
      <Filter>08 基于包的通信\01 包处理</Filter>
    </ClCompile>
    <ClCompile Include="Packet.cpp">
      <Filter>08 基于包的通信\01 包处理</Filter>
    </ClCompile>
    <ClCompile Include="PacketSrv.cpp">
      <Filter>08 基于包的通信</Filter>
    </ClCompile>
    <ClCompile Include="KeepAliveSrv.cpp">
      <Filter>08 基于包的通信\00 心跳包服务</Filter>
    </ClCompile>
    <ClCompile Include="KeepAliveClient.cpp">
      <Filter>08 基于包的通信\00 心跳包服务</Filter>
    </ClCompile>
    <ClCompile Include="keepAliveServer.cpp">
      <Filter>08 基于包的通信\00 心跳包服务</Filter>
    </ClCompile>
    <ClCompile Include="TcpSession.cpp">
      <Filter>06 Tcp通信管理\10 Session</Filter>
    </ClCompile>
    <ClCompile Include="SessionMgr.cpp">
      <Filter>06 Tcp通信管理\10 Session</Filter>
    </ClCompile>
  </ItemGroup>
  <ItemGroup>
    <Text Include="ReadMe.txt">
      <Filter>99 其它</Filter>
    </Text>
  </ItemGroup>
</Project>